{
  "version": "5",
  "specifiers": {
    "jsr:@glubean/sdk@0.12": "0.12.1",
    "jsr:@std/cli@1": "1.0.28",
    "npm:@ai-sdk/openai@^1.3.24": "1.3.24_zod@3.25.76",
    "npm:@jsr/glubean__browser@~0.4.2": "0.4.2",
    "npm:@jsr/glubean__sdk@~0.12.1": "0.12.1",
    "npm:ai@^4.3.19": "4.3.19_zod@3.25.76",
    "npm:ky@^1.14.0": "1.14.3",
    "npm:smee-client@^2.0.4": "2.0.4",
    "npm:zod@^3.25.76": "3.25.76"
  },
  "jsr": {
    "@glubean/runner@0.12.0": {
      "integrity": "a0bfc206093e61a98584981ed014fea8a759b6ae1be17e5699a2d88f7b9a1013",
      "dependencies": [
        "jsr:@glubean/sdk",
        "jsr:@std/cli",
        "npm:ky"
      ]
    },
    "@glubean/sdk@0.12.1": {
      "integrity": "56b8b724d83ad1b14dc0ba75d8476e802bb3c0fccc05e1fca95c4707f8275f35"
    },
    "@std/cli@1.0.28": {
      "integrity": "74ef9b976db59ca6b23a5283469c9072be6276853807a83ec6c7ce412135c70a"
    }
  },
  "npm": {
    "@ai-sdk/openai@1.3.24_zod@3.25.76": {
      "integrity": "sha512-GYXnGJTHRTZc4gJMSmFRgEQudjqd4PUN0ZjQhPwOAYH1yOAvQoG/Ikqs+HyISRbLPCrhbZnPKCNHuRU4OfpW0Q==",
      "dependencies": [
        "@ai-sdk/provider",
        "@ai-sdk/provider-utils",
        "zod"
      ]
    },
    "@ai-sdk/provider-utils@2.2.8_zod@3.25.76": {
      "integrity": "sha512-fqhG+4sCVv8x7nFzYnFo19ryhAa3w096Kmc3hWxMQfW/TubPOmt3A6tYZhl4mUfQWWQMsuSkLrtjlWuXBVSGQA==",
      "dependencies": [
        "@ai-sdk/provider",
        "nanoid",
        "secure-json-parse",
        "zod"
      ]
    },
    "@ai-sdk/provider@1.1.3": {
      "integrity": "sha512-qZMxYJ0qqX/RfnuIaab+zp8UAeJn/ygXXAffR5I4N0n1IrvA6qBsjc8hXLmBiMV2zoXlifkacF7sEFnYnjBcqg==",
      "dependencies": [
        "json-schema"
      ]
    },
    "@ai-sdk/react@1.2.12_react@19.2.4_zod@3.25.76": {
      "integrity": "sha512-jK1IZZ22evPZoQW3vlkZ7wvjYGYF+tRBKXtrcolduIkQ/m/sOAVcVeVDUDvh1T91xCnWCdUGCPZg2avZ90mv3g==",
      "dependencies": [
        "@ai-sdk/provider-utils",
        "@ai-sdk/ui-utils",
        "react",
        "swr",
        "throttleit",
        "zod"
      ],
      "optionalPeers": [
        "zod"
      ]
    },
    "@ai-sdk/ui-utils@1.2.11_zod@3.25.76": {
      "integrity": "sha512-3zcwCc8ezzFlwp3ZD15wAPjf2Au4s3vAbKsXQVyhxODHcmu0iyPO2Eua6D/vicq/AUm/BAo60r97O6HU+EI0+w==",
      "dependencies": [
        "@ai-sdk/provider",
        "@ai-sdk/provider-utils",
        "zod",
        "zod-to-json-schema"
      ]
    },
    "@jsr/glubean__browser@0.4.2": {
      "integrity": "sha512-Rfgkws0S5TbSTn/bn2afCMlJ8dfPh6M2V6q8+/UrRgZJnLaUqozcNn4pW3xncp9TYlGL8pqA761GS3APbqicoA==",
      "dependencies": [
        "@jsr/glubean__sdk",
        "puppeteer-core"
      ],
      "tarball": "https://npm.jsr.io/~/11/@jsr/glubean__browser/0.4.2.tgz"
    },
    "@jsr/glubean__sdk@0.12.1": {
      "integrity": "sha512-gtqlgdj7een9O3qkQWqTRJi7tySBxaR8xWvfsXkgCoAiCVRFWDUdz2uxcPOpxb2DbLq0ntBcBocQPqj2l0f+6g==",
      "dependencies": [
        "@jsr/std__path",
        "@jsr/std__yaml"
      ],
      "tarball": "https://npm.jsr.io/~/11/@jsr/glubean__sdk/0.12.1.tgz"
    },
    "@jsr/std__internal@1.0.12": {
      "integrity": "sha512-6xReMW9p+paJgqoFRpOE2nogJFvzPfaLHLIlyADYjKMUcwDyjKZxryIbgcU+gxiTygn8yCjld1HoI0ET4/iZeA==",
      "tarball": "https://npm.jsr.io/~/11/@jsr/std__internal/1.0.12.tgz"
    },
    "@jsr/std__path@1.1.4": {
      "integrity": "sha512-SK4u9H6NVTfolhPdlvdYXfNFefy1W04AEHWJydryYbk+xqzNiVmr5o7TLJLJFqwHXuwMRhwrn+mcYeUfS0YFaA==",
      "dependencies": [
        "@jsr/std__internal"
      ],
      "tarball": "https://npm.jsr.io/~/11/@jsr/std__path/1.1.4.tgz"
    },
    "@jsr/std__yaml@1.0.12": {
      "integrity": "sha512-pz/BisWZWH16JvLJBwrNwUwfIsRnf9qniMrmI6Z3vIAcVRVFcA5+i4o6z6QqsMKqFzjlB66WZE+jSyujT/RvRg==",
      "tarball": "https://npm.jsr.io/~/11/@jsr/std__yaml/1.0.12.tgz"
    },
    "@opentelemetry/api@1.9.0": {
      "integrity": "sha512-3giAOQvZiH5F9bMlMiv8+GSPMeqg0dbaeo58/0SlA9sxSqZhnUtxzX9/2FzyhS9sWQf5S0GJE0AKBrFqjpeYcg=="
    },
    "@puppeteer/browsers@2.13.0": {
      "integrity": "sha512-46BZJYJjc/WwmKjsvDFykHtXrtomsCIrwYQPOP7VfMJoZY2bsDF9oROBABR3paDjDcmkUye1Pb1BqdcdiipaWA==",
      "dependencies": [
        "debug",
        "extract-zip",
        "progress",
        "proxy-agent",
        "semver",
        "tar-fs",
        "yargs"
      ],
      "bin": true
    },
    "@tootallnate/quickjs-emscripten@0.23.0": {
      "integrity": "sha512-C5Mc6rdnsaJDjO3UpGW/CQTHtCKaYlScZTly4JIu97Jxo/odCiH0ITnDXSJPTOrEKk/ycSZ0AOgTmkDtkOsvIA=="
    },
    "@types/diff-match-patch@1.0.36": {
      "integrity": "sha512-xFdR6tkm0MWvBfO8xXCSsinYxHcqkQUlcHeSpMC2ukzOb6lwQAfDmW+Qt0AvlGd8HpsS28qKsB+oPeJn9I39jg=="
    },
    "@types/node@25.3.3": {
      "integrity": "sha512-DpzbrH7wIcBaJibpKo9nnSQL0MTRdnWttGyE5haGwK86xgMOkFLp7vEyfQPGLOJh5wNYiJ3V9PmUMDhV9u8kkQ==",
      "dependencies": [
        "undici-types"
      ]
    },
    "@types/yauzl@2.10.3": {
      "integrity": "sha512-oJoftv0LSuaDZE3Le4DbKX+KS9G36NzOeSap90UIK0yMA/NhKJhqlSGtNDORNRaIbQfzjXDrQa0ytJ6mNRGz/Q==",
      "dependencies": [
        "@types/node"
      ]
    },
    "agent-base@7.1.4": {
      "integrity": "sha512-MnA+YT8fwfJPgBx3m60MNqakm30XOkyIoH1y6huTQvC0PwZG7ki8NacLBcrPbNoo8vEZy7Jpuk7+jMO+CUovTQ=="
    },
    "ai@4.3.19_zod@3.25.76": {
      "integrity": "sha512-dIE2bfNpqHN3r6IINp9znguYdhIOheKW2LDigAMrgt/upT3B8eBGPSCblENvaZGoq+hxaN9fSMzjWpbqloP+7Q==",
      "dependencies": [
        "@ai-sdk/provider",
        "@ai-sdk/provider-utils",
        "@ai-sdk/react",
        "@ai-sdk/ui-utils",
        "@opentelemetry/api",
        "jsondiffpatch",
        "zod"
      ]
    },
    "ansi-regex@5.0.1": {
      "integrity": "sha512-quJQXlTSUGL2LH9SUXo8VwsY4soanhgo6LNSm84E1LBcE8s3O0wpdiRzyR9z/ZZJMlMWv37qOOb9pdJlMUEKFQ=="
    },
    "ansi-styles@4.3.0": {
      "integrity": "sha512-zbB9rCJAT1rbjiVDb2hqKFHNYLxgtk8NURxZ3IZwD3F6NtxbXZQCnnSi1Lkx+IDohdPlFp222wVALIheZJQSEg==",
      "dependencies": [
        "color-convert"
      ]
    },
    "ast-types@0.13.4": {
      "integrity": "sha512-x1FCFnFifvYDDzTaLII71vG5uvDwgtmDTEVWAxrgeiR8VjMONcCXJx7E+USjDtHlwFmt9MysbqgF9b9Vjr6w+w==",
      "dependencies": [
        "tslib"
      ]
    },
    "b4a@1.8.0": {
      "integrity": "sha512-qRuSmNSkGQaHwNbM7J78Wwy+ghLEYF1zNrSeMxj4Kgw6y33O3mXcQ6Ie9fRvfU/YnxWkOchPXbaLb73TkIsfdg=="
    },
    "bare-events@2.8.2": {
      "integrity": "sha512-riJjyv1/mHLIPX4RwiK+oW9/4c3TEUeORHKefKAKnZ5kyslbN+HXowtbaVEqt4IMUB7OXlfixcs6gsFeo/jhiQ=="
    },
    "bare-fs@4.5.5_bare-events@2.8.2": {
      "integrity": "sha512-XvwYM6VZqKoqDll8BmSww5luA5eflDzY0uEFfBJtFKe4PAAtxBjU3YIxzIBzhyaEQBy1VXEQBto4cpN5RZJw+w==",
      "dependencies": [
        "bare-events",
        "bare-path",
        "bare-stream",
        "bare-url",
        "fast-fifo"
      ]
    },
    "bare-os@3.7.0": {
      "integrity": "sha512-64Rcwj8qlnTZU8Ps6JJEdSmxBEUGgI7g8l+lMtsJLl4IsfTcHMTfJ188u2iGV6P6YPRZrtv72B2kjn+hp+Yv3g=="
    },
    "bare-path@3.0.0": {
      "integrity": "sha512-tyfW2cQcB5NN8Saijrhqn0Zh7AnFNsnczRcuWODH0eYAXBsJ5gVxAUuNr7tsHSC6IZ77cA0SitzT+s47kot8Mw==",
      "dependencies": [
        "bare-os"
      ]
    },
    "bare-stream@2.8.0_bare-events@2.8.2": {
      "integrity": "sha512-reUN0M2sHRqCdG4lUK3Fw8w98eeUIZHL5c3H7Mbhk2yVBL+oofgaIp0ieLfD5QXwPCypBpmEEKU2WZKzbAk8GA==",
      "dependencies": [
        "bare-events",
        "streamx",
        "teex"
      ],
      "optionalPeers": [
        "bare-events"
      ]
    },
    "bare-url@2.3.2": {
      "integrity": "sha512-ZMq4gd9ngV5aTMa5p9+UfY0b3skwhHELaDkhEHetMdX0LRkW9kzaym4oo/Eh+Ghm0CCDuMTsRIGM/ytUc1ZYmw==",
      "dependencies": [
        "bare-path"
      ]
    },
    "basic-ftp@5.2.0": {
      "integrity": "sha512-VoMINM2rqJwJgfdHq6RiUudKt2BV+FY5ZFezP/ypmwayk68+NzzAQy4XXLlqsGD4MCzq3DrmNFD/uUmBJuGoXw=="
    },
    "buffer-crc32@0.2.13": {
      "integrity": "sha512-VO9Ht/+p3SN7SKWqcrgEzjGbRSJYTx+Q1pTQC0wrWqHx0vpJraQ6GtHx8tvcg1rlK1byhU5gccxgOgj7B0TDkQ=="
    },
    "chalk@5.6.2": {
      "integrity": "sha512-7NzBL0rN6fMUW+f7A6Io4h40qQlG+xGmtMxfbnH/K7TAtt8JQWVQK+6g0UXKMeVJoyV5EkkNsErQ8pVD3bLHbA=="
    },
    "chromium-bidi@14.0.0_devtools-protocol@0.0.1566079": {
      "integrity": "sha512-9gYlLtS6tStdRWzrtXaTMnqcM4dudNegMXJxkR0I/CXObHalYeYcAMPrL19eroNZHtJ8DQmu1E+ZNOYu/IXMXw==",
      "dependencies": [
        "devtools-protocol",
        "mitt",
        "zod"
      ]
    },
    "cliui@8.0.1": {
      "integrity": "sha512-BSeNnyus75C4//NQ9gQt1/csTXyo/8Sb+afLAkzAptFuMsod9HFokGNudZpi/oQV73hnVK+sR+5PVRMd+Dr7YQ==",
      "dependencies": [
        "string-width",
        "strip-ansi",
        "wrap-ansi"
      ]
    },
    "color-convert@2.0.1": {
      "integrity": "sha512-RRECPsj7iu/xb5oKYcsFHSppFNnsj/52OVTRKb4zP5onXwVF3zVmmToNcOfGC+CRDpfK/U584fMg38ZHCaElKQ==",
      "dependencies": [
        "color-name"
      ]
    },
    "color-name@1.1.4": {
      "integrity": "sha512-dOy+3AuW3a2wNbZHIuMZpTcgjGuLU/uBL/ubcZF9OXbDo8ff4O8yVp5Bf0efS8uEoYo5q4Fx7dY9OgQGXgAsQA=="
    },
    "commander@12.1.0": {
      "integrity": "sha512-Vw8qHK3bZM9y/P10u3Vib8o/DdkvA2OtPtZvD871QKjy74Wj1WSKFILMPRPSdUSx5RFK1arlJzEtA4PkFgnbuA=="
    },
    "data-uri-to-buffer@6.0.2": {
      "integrity": "sha512-7hvf7/GW8e86rW0ptuwS3OcBGDjIi6SZva7hCyWC0yYry2cOPmLIjXAUHI6DK2HsnwJd9ifmt57i8eV2n4YNpw=="
    },
    "debug@4.4.3": {
      "integrity": "sha512-RGwwWnwQvkVfavKVt22FGLw+xYSdzARwm0ru6DhTVA3umU5hZc28V3kO4stgYryrTlLpuvgI9GiijltAjNbcqA==",
      "dependencies": [
        "ms"
      ]
    },
    "degenerator@5.0.1": {
      "integrity": "sha512-TllpMR/t0M5sqCXfj85i4XaAzxmS5tVA16dqvdkMwGmzI+dXLXnw3J+3Vdv7VKw+ThlTMboK6i9rnZ6Nntj5CQ==",
      "dependencies": [
        "ast-types",
        "escodegen",
        "esprima"
      ]
    },
    "dequal@2.0.3": {
      "integrity": "sha512-0je+qPKHEMohvfRTCEo3CrPG6cAzAYgmzKyxRiYSSDkS6eGJdyVJm7WaYA5ECaAD9wLB2T4EEeymA5aFVcYXCA=="
    },
    "devtools-protocol@0.0.1566079": {
      "integrity": "sha512-MJfAEA1UfVhSs7fbSQOG4czavUp1ajfg6prlAN0+cmfa2zNjaIbvq8VneP7do1WAQQIvgNJWSMeP6UyI90gIlQ=="
    },
    "diff-match-patch@1.0.5": {
      "integrity": "sha512-IayShXAgj/QMXgB0IWmKx+rOPuGMhqm5w6jvFxmVenXKIzRqTAAsbBPT3kWQeGANj3jGgvcvv4yK6SxqYmikgw=="
    },
    "emoji-regex@8.0.0": {
      "integrity": "sha512-MSjYzcWNOA0ewAHpz0MxpYFvwg6yjy1NG3xteoqz644VCo/RPgnr1/GGt+ic3iJTzQ8Eu3TdM14SawnVUmGE6A=="
    },
    "end-of-stream@1.4.5": {
      "integrity": "sha512-ooEGc6HP26xXq/N+GCGOT0JKCLDGrq2bQUZrQ7gyrJiZANJ/8YDTxTpQBXGMn+WbIQXNVpyWymm7KYVICQnyOg==",
      "dependencies": [
        "once"
      ]
    },
    "escalade@3.2.0": {
      "integrity": "sha512-WUj2qlxaQtO4g6Pq5c29GTcWGDyd8itL8zTlipgECz3JesAiiOKotd8JU6otB3PACgG6xkJUyVhboMS+bje/jA=="
    },
    "escodegen@2.1.0": {
      "integrity": "sha512-2NlIDTwUWJN0mRPQOdtQBzbUHvdGY2P1VXSyU83Q3xKxM7WHX2Ql8dKq782Q9TgQUNOLEzEYu9bzLNj1q88I5w==",
      "dependencies": [
        "esprima",
        "estraverse",
        "esutils"
      ],
      "optionalDependencies": [
        "source-map"
      ],
      "bin": true
    },
    "esprima@4.0.1": {
      "integrity": "sha512-eGuFFw7Upda+g4p+QHvnW0RyTX/SVeJBDM/gCtMARO0cLuT2HcEKnTPvhjV6aGeqrCB/sbNop0Kszm0jsaWU4A==",
      "bin": true
    },
    "estraverse@5.3.0": {
      "integrity": "sha512-MMdARuVEQziNTeJD8DgMqmhwR11BRQ/cBP+pLtYdSTnf3MIO8fFeiINEbX36ZdNlfU/7A9f3gUw49B3oQsvwBA=="
    },
    "esutils@2.0.3": {
      "integrity": "sha512-kVscqXk4OCp68SZ0dkgEKVi6/8ij300KBWTJq32P/dYeWTSwK41WyTxalN1eRmA5Z9UU/LX9D7FWSmV9SAYx6g=="
    },
    "events-universal@1.0.1": {
      "integrity": "sha512-LUd5euvbMLpwOF8m6ivPCbhQeSiYVNb8Vs0fQ8QjXo0JTkEHpz8pxdQf0gStltaPpw0Cca8b39KxvK9cfKRiAw==",
      "dependencies": [
        "bare-events"
      ]
    },
    "eventsource@2.0.2": {
      "integrity": "sha512-IzUmBGPR3+oUG9dUeXynyNmf91/3zUSJg1lCktzKw47OXuhco54U3r9B7O4XX+Rb1Itm9OZ2b0RkTs10bICOxA=="
    },
    "extract-zip@2.0.1": {
      "integrity": "sha512-GDhU9ntwuKyGXdZBUgTIe+vXnWj0fppUEtMDL0+idd5Sta8TGpHssn/eusA9mrPr9qNDym6SxAYZjNvCn/9RBg==",
      "dependencies": [
        "debug",
        "get-stream",
        "yauzl"
      ],
      "optionalDependencies": [
        "@types/yauzl"
      ],
      "bin": true
    },
    "fast-fifo@1.3.2": {
      "integrity": "sha512-/d9sfos4yxzpwkDkuN7k2SqFKtYNmCTzgfEpz82x34IM9/zc8KGxQoXg1liNC/izpRM/MBdt44Nmx41ZWqk+FQ=="
    },
    "fd-slicer@1.1.0": {
      "integrity": "sha512-cE1qsB/VwyQozZ+q1dGxR8LBYNZeofhEdUNGSMbQD3Gw2lAzX9Zb3uIU6Ebc/Fmyjo9AWWfnn0AUCHqtevs/8g==",
      "dependencies": [
        "pend"
      ]
    },
    "get-caller-file@2.0.5": {
      "integrity": "sha512-DyFP3BM/3YHTQOCUL/w0OZHR0lpKeGrxotcHWcqNEdnltqFwXVfhEBQ94eIo34AfQpo0rGki4cyIiftY06h2Fg=="
    },
    "get-stream@5.2.0": {
      "integrity": "sha512-nBF+F1rAZVCu/p7rjzgA+Yb4lfYXrpl7a6VmJrU8wF9I1CKvP/QwPNZHnOlwbTkY6dvtFIzFMSyQXbLoTQPRpA==",
      "dependencies": [
        "pump"
      ]
    },
    "get-uri@6.0.5": {
      "integrity": "sha512-b1O07XYq8eRuVzBNgJLstU6FYc1tS6wnMtF1I1D9lE8LxZSOGZ7LhxN54yPP6mGw5f2CkXY2BQUL9Fx41qvcIg==",
      "dependencies": [
        "basic-ftp",
        "data-uri-to-buffer",
        "debug"
      ]
    },
    "http-proxy-agent@7.0.2": {
      "integrity": "sha512-T1gkAiYYDWYx3V5Bmyu7HcfcvL7mUrTWiM6yOfa3PIphViJ/gFPbvidQ+veqSOHci/PxBcDabeUNCzpOODJZig==",
      "dependencies": [
        "agent-base",
        "debug"
      ]
    },
    "https-proxy-agent@7.0.6": {
      "integrity": "sha512-vK9P5/iUfdl95AI+JVyUuIcVtd4ofvtrOr3HNtM2yxC9bnMbEdp3x01OhQNnjb8IJYi38VlTE3mBXwcfvywuSw==",
      "dependencies": [
        "agent-base",
        "debug"
      ]
    },
    "ip-address@10.1.0": {
      "integrity": "sha512-XXADHxXmvT9+CRxhXg56LJovE+bmWnEWB78LB83VZTprKTmaC5QfruXocxzTZ2Kl0DNwKuBdlIhjL8LeY8Sf8Q=="
    },
    "is-fullwidth-code-point@3.0.0": {
      "integrity": "sha512-zymm5+u+sCsSWyD9qNaejV3DFvhCKclKdizYaJUuHA83RLjb7nSuGnddCHGv0hk+KY7BMAlsWeK4Ueg6EV6XQg=="
    },
    "json-schema@0.4.0": {
      "integrity": "sha512-es94M3nTIfsEPisRafak+HDLfHXnKBhV3vU5eqPcS3flIWqcxJWgXHXiey3YrpaNsanY5ei1VoYEbOzijuq9BA=="
    },
    "jsondiffpatch@0.6.0": {
      "integrity": "sha512-3QItJOXp2AP1uv7waBkao5nCvhEv+QmJAd38Ybq7wNI74Q+BBmnLn4EDKz6yI9xGAIQoUF87qHt+kc1IVxB4zQ==",
      "dependencies": [
        "@types/diff-match-patch",
        "chalk",
        "diff-match-patch"
      ],
      "bin": true
    },
    "ky@1.14.3": {
      "integrity": "sha512-9zy9lkjac+TR1c2tG+mkNSVlyOpInnWdSMiue4F+kq8TwJSgv6o8jhLRg8Ho6SnZ9wOYUq/yozts9qQCfk7bIw=="
    },
    "lru-cache@7.18.3": {
      "integrity": "sha512-jumlc0BIUrS3qJGgIkWZsyfAM7NCWiBcCDhnd+3NNM5KbBmLTgHVfWBcg6W+rLUsIpzpERPsvwUP7CckAQSOoA=="
    },
    "mitt@3.0.1": {
      "integrity": "sha512-vKivATfr97l2/QBCYAkXYDbrIWPM2IIKEl7YPhjCvKlG3kE2gm+uBo6nEXK3M5/Ffh/FLpKExzOQ3JJoJGFKBw=="
    },
    "ms@2.1.3": {
      "integrity": "sha512-6FlzubTLZG3J2a/NVCAleEhjzq5oxgHyaCU9yYXvcLsvoVaHJq/s5xXI6/XXP6tz7R9xAOtHnSO/tXtF3WRTlA=="
    },
    "nanoid@3.3.11": {
      "integrity": "sha512-N8SpfPUnUp1bK+PMYW8qSWdl9U+wwNWI4QKxOYDy9JAro3WMX7p2OeVRF9v+347pnakNevPmiHhNmZ2HbFA76w==",
      "bin": true
    },
    "netmask@2.0.2": {
      "integrity": "sha512-dBpDMdxv9Irdq66304OLfEmQ9tbNRFnFTuZiLo+bD+r332bBmMJ8GBLXklIXXgxd3+v9+KUnZaUR5PJMa75Gsg=="
    },
    "once@1.4.0": {
      "integrity": "sha512-lNaJgI+2Q5URQBkccEKHTQOPaXdUxnZZElQTZY0MFUAuaEqe1E+Nyvgdz/aIyNi6Z9MzO5dv1H8n58/GELp3+w==",
      "dependencies": [
        "wrappy"
      ]
    },
    "pac-proxy-agent@7.2.0": {
      "integrity": "sha512-TEB8ESquiLMc0lV8vcd5Ql/JAKAoyzHFXaStwjkzpOpC5Yv+pIzLfHvjTSdf3vpa2bMiUQrg9i6276yn8666aA==",
      "dependencies": [
        "@tootallnate/quickjs-emscripten",
        "agent-base",
        "debug",
        "get-uri",
        "http-proxy-agent",
        "https-proxy-agent",
        "pac-resolver",
        "socks-proxy-agent"
      ]
    },
    "pac-resolver@7.0.1": {
      "integrity": "sha512-5NPgf87AT2STgwa2ntRMr45jTKrYBGkVU36yT0ig/n/GMAa3oPqhZfIQ2kMEimReg0+t9kZViDVZ83qfVUlckg==",
      "dependencies": [
        "degenerator",
        "netmask"
      ]
    },
    "pend@1.2.0": {
      "integrity": "sha512-F3asv42UuXchdzt+xXqfW1OGlVBe+mxa2mqI0pg5yAHZPvFmY3Y6drSf/GQ1A86WgWEN9Kzh/WrgKa6iGcHXLg=="
    },
    "progress@2.0.3": {
      "integrity": "sha512-7PiHtLll5LdnKIMw100I+8xJXR5gW2QwWYkT6iJva0bXitZKa/XMrSbdmg3r2Xnaidz9Qumd0VPaMrZlF9V9sA=="
    },
    "proxy-agent@6.5.0": {
      "integrity": "sha512-TmatMXdr2KlRiA2CyDu8GqR8EjahTG3aY3nXjdzFyoZbmB8hrBsTyMezhULIXKnC0jpfjlmiZ3+EaCzoInSu/A==",
      "dependencies": [
        "agent-base",
        "debug",
        "http-proxy-agent",
        "https-proxy-agent",
        "lru-cache",
        "pac-proxy-agent",
        "proxy-from-env",
        "socks-proxy-agent"
      ]
    },
    "proxy-from-env@1.1.0": {
      "integrity": "sha512-D+zkORCbA9f1tdWRK0RaCR3GPv50cMxcrz4X8k5LTSUD1Dkw47mKJEZQNunItRTkWwgtaUSo1RVFRIG9ZXiFYg=="
    },
    "pump@3.0.4": {
      "integrity": "sha512-VS7sjc6KR7e1ukRFhQSY5LM2uBWAUPiOPa/A3mkKmiMwSmRFUITt0xuj+/lesgnCv+dPIEYlkzrcyXgquIHMcA==",
      "dependencies": [
        "end-of-stream",
        "once"
      ]
    },
    "puppeteer-core@24.37.5_devtools-protocol@0.0.1566079": {
      "integrity": "sha512-ybL7iE78YPN4T6J+sPLO7r0lSByp/0NN6PvfBEql219cOnttoTFzCWKiBOjstXSqi/OKpwae623DWAsL7cn2MQ==",
      "dependencies": [
        "@puppeteer/browsers",
        "chromium-bidi",
        "debug",
        "devtools-protocol",
        "typed-query-selector",
        "webdriver-bidi-protocol",
        "ws"
      ]
    },
    "react@19.2.4": {
      "integrity": "sha512-9nfp2hYpCwOjAN+8TZFGhtWEwgvWHXqESH8qT89AT/lWklpLON22Lc8pEtnpsZz7VmawabSU0gCjnj8aC0euHQ=="
    },
    "require-directory@2.1.1": {
      "integrity": "sha512-fGxEI7+wsG9xrvdjsrlmL22OMTTiHRwAMroiEeMgq8gzoLC/PQr7RsRDSTLUg/bZAZtF+TVIkHc6/4RIKrui+Q=="
    },
    "secure-json-parse@2.7.0": {
      "integrity": "sha512-6aU+Rwsezw7VR8/nyvKTx8QpWH9FrcYiXXlqC4z5d5XQBDRqtbfsRjnwGyqbi3gddNtWHuEk9OANUotL26qKUw=="
    },
    "semver@7.7.4": {
      "integrity": "sha512-vFKC2IEtQnVhpT78h1Yp8wzwrf8CM+MzKMHGJZfBtzhZNycRFnXsHk6E5TxIkkMsgNS7mdX3AGB7x2QM2di4lA==",
      "bin": true
    },
    "smart-buffer@4.2.0": {
      "integrity": "sha512-94hK0Hh8rPqQl2xXc3HsaBoOXKV20MToPkcXvwbISWLEs+64sBq5kFgn2kJDHb1Pry9yrP0dxrCI9RRci7RXKg=="
    },
    "smee-client@2.0.4": {
      "integrity": "sha512-RxXCs0mfaxpI8JF4SeTM51XtRiprzW5g20HVt4aTQ36EB+RaN0aj0m/4EbXLGdfPlqahQ09d3UnJYmALN2CbYw==",
      "dependencies": [
        "commander",
        "eventsource",
        "validator"
      ],
      "bin": true
    },
    "socks-proxy-agent@8.0.5": {
      "integrity": "sha512-HehCEsotFqbPW9sJ8WVYB6UbmIMv7kUUORIF2Nncq4VQvBfNBLibW9YZR5dlYCSUhwcD628pRllm7n+E+YTzJw==",
      "dependencies": [
        "agent-base",
        "debug",
        "socks"
      ]
    },
    "socks@2.8.7": {
      "integrity": "sha512-HLpt+uLy/pxB+bum/9DzAgiKS8CX1EvbWxI4zlmgGCExImLdiad2iCwXT5Z4c9c3Eq8rP2318mPW2c+QbtjK8A==",
      "dependencies": [
        "ip-address",
        "smart-buffer"
      ]
    },
    "source-map@0.6.1": {
      "integrity": "sha512-UjgapumWlbMhkBgzT7Ykc5YXUT46F0iKu8SGXq0bcwP5dz/h0Plj6enJqjz1Zbq2l5WaqYnrVbwWOWMyF3F47g=="
    },
    "streamx@2.23.0": {
      "integrity": "sha512-kn+e44esVfn2Fa/O0CPFcex27fjIL6MkVae0Mm6q+E6f0hWv578YCERbv+4m02cjxvDsPKLnmxral/rR6lBMAg==",
      "dependencies": [
        "events-universal",
        "fast-fifo",
        "text-decoder"
      ]
    },
    "string-width@4.2.3": {
      "integrity": "sha512-wKyQRQpjJ0sIp62ErSZdGsjMJWsap5oRNihHhu6G7JVO/9jIB6UyevL+tXuOqrng8j/cxKTWyWUwvSTriiZz/g==",
      "dependencies": [
        "emoji-regex",
        "is-fullwidth-code-point",
        "strip-ansi"
      ]
    },
    "strip-ansi@6.0.1": {
      "integrity": "sha512-Y38VPSHcqkFrCpFnQ9vuSXmquuv5oXOKpGeT6aGrr3o3Gc9AlVa6JBfUSOCnbxGGZF+/0ooI7KrPuUSztUdU5A==",
      "dependencies": [
        "ansi-regex"
      ]
    },
    "swr@2.4.1_react@19.2.4": {
      "integrity": "sha512-2CC6CiKQtEwaEeNiqWTAw9PGykW8SR5zZX8MZk6TeAvEAnVS7Visz8WzphqgtQ8v2xz/4Q5K+j+SeMaKXeeQIA==",
      "dependencies": [
        "dequal",
        "react",
        "use-sync-external-store"
      ]
    },
    "tar-fs@3.1.1": {
      "integrity": "sha512-LZA0oaPOc2fVo82Txf3gw+AkEd38szODlptMYejQUhndHMLQ9M059uXR+AfS7DNo0NpINvSqDsvyaCrBVkptWg==",
      "dependencies": [
        "pump",
        "tar-stream"
      ],
      "optionalDependencies": [
        "bare-fs",
        "bare-path"
      ]
    },
    "tar-stream@3.1.8": {
      "integrity": "sha512-U6QpVRyCGHva435KoNWy9PRoi2IFYCgtEhq9nmrPPpbRacPs9IH4aJ3gbrFC8dPcXvdSZ4XXfXT5Fshbp2MtlQ==",
      "dependencies": [
        "b4a",
        "bare-fs",
        "fast-fifo",
        "streamx"
      ]
    },
    "teex@1.0.1": {
      "integrity": "sha512-eYE6iEI62Ni1H8oIa7KlDU6uQBtqr4Eajni3wX7rpfXD8ysFx8z0+dri+KWEPWpBsxXfxu58x/0jvTVT1ekOSg==",
      "dependencies": [
        "streamx"
      ]
    },
    "text-decoder@1.2.7": {
      "integrity": "sha512-vlLytXkeP4xvEq2otHeJfSQIRyWxo/oZGEbXrtEEF9Hnmrdly59sUbzZ/QgyWuLYHctCHxFF4tRQZNQ9k60ExQ==",
      "dependencies": [
        "b4a"
      ]
    },
    "throttleit@2.1.0": {
      "integrity": "sha512-nt6AMGKW1p/70DF/hGBdJB57B8Tspmbp5gfJ8ilhLnt7kkr2ye7hzD6NVG8GGErk2HWF34igrL2CXmNIkzKqKw=="
    },
    "tslib@2.8.1": {
      "integrity": "sha512-oJFu94HQb+KVduSUQL7wnpmqnfmLsOA/nAh6b6EH0wCEoK0/mPeXU6c3wKDV83MkOuHPRHtSXKKU99IBazS/2w=="
    },
    "typed-query-selector@2.12.1": {
      "integrity": "sha512-uzR+FzI8qrUEIu96oaeBJmd9E7CFEiQ3goA5qCVgc4s5llSubcfGHq9yUstZx/k4s9dXHVKsE35YWoFyvEqEHA=="
    },
    "undici-types@7.18.2": {
      "integrity": "sha512-AsuCzffGHJybSaRrmr5eHr81mwJU3kjw6M+uprWvCXiNeN9SOGwQ3Jn8jb8m3Z6izVgknn1R0FTCEAP2QrLY/w=="
    },
    "use-sync-external-store@1.6.0_react@19.2.4": {
      "integrity": "sha512-Pp6GSwGP/NrPIrxVFAIkOQeyw8lFenOHijQWkUTrDvrF4ALqylP2C/KCkeS9dpUM3KvYRQhna5vt7IL95+ZQ9w==",
      "dependencies": [
        "react"
      ]
    },
    "validator@13.15.26": {
      "integrity": "sha512-spH26xU080ydGggxRyR1Yhcbgx+j3y5jbNXk/8L+iRvdIEQ4uTRH2Sgf2dokud6Q4oAtsbNvJ1Ft+9xmm6IZcA=="
    },
    "webdriver-bidi-protocol@0.4.1": {
      "integrity": "sha512-ARrjNjtWRRs2w4Tk7nqrf2gBI0QXWuOmMCx2hU+1jUt6d00MjMxURrhxhGbrsoiZKJrhTSTzbIrc554iKI10qw=="
    },
    "wrap-ansi@7.0.0": {
      "integrity": "sha512-YVGIj2kamLSTxw6NsZjoBxfSwsn0ycdesmc4p+Q21c5zPuZ1pl+NfxVdxPtdHvmNVOQ6XSYG4AUtyt/Fi7D16Q==",
      "dependencies": [
        "ansi-styles",
        "string-width",
        "strip-ansi"
      ]
    },
    "wrappy@1.0.2": {
      "integrity": "sha512-l4Sp/DRseor9wL6EvV2+TuQn63dMkPjZ/sp9XkghTEbV9KlPS1xUsZ3u7/IQO4wxtcFB4bgpQPRcR3QCvezPcQ=="
    },
    "ws@8.19.0": {
      "integrity": "sha512-blAT2mjOEIi0ZzruJfIhb3nps74PRWTCz1IjglWEEpQl5XS/UNama6u2/rjFkDDouqr4L67ry+1aGIALViWjDg=="
    },
    "y18n@5.0.8": {
      "integrity": "sha512-0pfFzegeDWJHJIAmTLRP2DwHjdF5s7jo9tuztdQxAhINCdvS+3nGINqPd00AphqJR/0LhANUS6/+7SCb98YOfA=="
    },
    "yargs-parser@21.1.1": {
      "integrity": "sha512-tVpsJW7DdjecAiFpbIB1e3qxIQsE6NoPc5/eTdrbbIC4h0LVsWhnoa3g+m2HclBIujHzsxZ4VJVA+GUuc2/LBw=="
    },
    "yargs@17.7.2": {
      "integrity": "sha512-7dSzzRQ++CKnNI/krKnYRV7JKKPUXMEh61soaHKg9mrWEhzFWhFnxPxGl+69cD1Ou63C13NUPCnmIcrvqCuM6w==",
      "dependencies": [
        "cliui",
        "escalade",
        "get-caller-file",
        "require-directory",
        "string-width",
        "y18n",
        "yargs-parser"
      ]
    },
    "yauzl@2.10.0": {
      "integrity": "sha512-p4a9I6X6nu6IhoGmBqAcbJy1mlC4j27vEPZX9F4L4/vZT3Lyq1VkFHw/V/PUcB9Buo+DG3iHkT0x3Qya58zc3g==",
      "dependencies": [
        "buffer-crc32",
        "fd-slicer"
      ]
    },
    "zod-to-json-schema@3.25.1_zod@3.25.76": {
      "integrity": "sha512-pM/SU9d3YAggzi6MtR4h7ruuQlqKtad8e9S0fmxcMi+ueAK5Korys/aWcV9LIIHTVbj01NdzxcnXSN+O74ZIVA==",
      "dependencies": [
        "zod"
      ]
    },
    "zod@3.25.76": {
      "integrity": "sha512-gzUt/qt81nXsFGKIFcC3YnfEAx5NkunCfnDlvuBSSFS02bcXu4Lmea0AFIUwbLWxWPx3d9p8S5QoaujKcNQxcQ=="
    }
  },
  "workspace": {
    "dependencies": [
      "npm:@ai-sdk/openai@^1.3.24",
      "npm:@jsr/glubean__browser@~0.4.2",
      "npm:@jsr/glubean__sdk@~0.12.1",
      "npm:ai@^4.3.19",
      "npm:smee-client@^2.0.4",
      "npm:zod@^3.25.76"
    ]
  }
}
